
Microsoft Visual Studio Solution File, Format Version 12.00
# Visual Studio Version 17
VisualStudioVersion = 17.7.34202.233
MinimumVisualStudioVersion = 10.0.40219.1
Project("{8BC9CEB8-8B4A-11D0-8D11-00A0C91BC942}") = "L20231113", "L20231113.vcxproj", "{67DDFE13-1AC3-40D3-B3EF-D7B2D3B8886A}"
EndProject
Global
	GlobalSection(SolutionConfigurationPlatforms) = preSolution
		Debug|x64 = Debug|x64
		Debug|x86 = Debug|x86
		Release|x64 = Release|x64
		Release|x86 = Release|x86
	EndGlobalSection
	GlobalSection(ProjectConfigurationPlatforms) = postSolution
		{67DDFE13-1AC3-40D3-B3EF-D7B2D3B8886A}.Debug|x64.ActiveCfg = Debug|x64
		{67DDFE13-1AC3-40D3-B3EF-D7B2D3B8886A}.Debug|x64.Build.0 = Debug|x64
		{67DDFE13-1AC3-40D3-B3EF-D7B2D3B8886A}.Debug|x86.ActiveCfg = Debug|Win32
		{67DDFE13-1AC3-40D3-B3EF-D7B2D3B8886A}.Debug|x86.Build.0 = Debug|Win32
		{67DDFE13-1AC3-40D3-B3EF-D7B2D3B8886A}.Release|x64.ActiveCfg = Release|x64
		{67DDFE13-1AC3-40D3-B3EF-D7B2D3B8886A}.Release|x64.Build.0 = Release|x64
		{67DDFE13-1AC3-40D3-B3EF-D7B2D3B8886A}.Release|x86.ActiveCfg = Release|Win32
		{67DDFE13-1AC3-40D3-B3EF-D7B2D3B8886A}.Release|x86.Build.0 = Release|Win32
	EndGlobalSection
	GlobalSection(SolutionProperties) = preSolution
		HideSolutionNode = FALSE
	EndGlobalSection
	GlobalSection(ExtensibilityGlobals) = postSolution
		SolutionGuid = {6EF2E224-6A0D-4881-B2F2-7D014AF57C37}
	EndGlobalSection
EndGlobal
